
Microsoft Visual Studio Solution File, Format Version 12.00
Project("{FAE04EC0-301F-11D3-BF4B-00C04F79EFBC}") = "AsyncConsoleApp", "AsyncConsoleApp\AsyncConsoleApp.csproj", "{D93A73EA-7C88-48E4-9E57-FEB8DC7515F1}"
EndProject
Project("{FAE04EC0-301F-11D3-BF4B-00C04F79EFBC}") = "Timesheets", "Timesheets\Timesheets.csproj", "{78510EA2-4A09-46FD-BF27-2C1EA1D15C25}"
EndProject
Project("{FAE04EC0-301F-11D3-BF4B-00C04F79EFBC}") = "RegexTask", "RegexTask\RegexTask.csproj", "{53BB86B3-A2D6-46B3-B4C0-A3D00388AAEB}"
EndProject
Project("{FAE04EC0-301F-11D3-BF4B-00C04F79EFBC}") = "DataLayer", "DataLayer\DataLayer.csproj", "{5DD9D888-5BC1-44DA-8654-BC656A2D329F}"
EndProject
Project("{FAE04EC0-301F-11D3-BF4B-00C04F79EFBC}") = "Migrations", "Migrations\Migrations.csproj", "{ACA12487-7332-4E72-9798-ED20A8A25252}"
EndProject
Project("{FAE04EC0-301F-11D3-BF4B-00C04F79EFBC}") = "DataLayer.Abstractions", "DataLayer.Abstractions\DataLayer.Abstractions.csproj", "{08D9D2AD-3678-4654-9D16-920C5B82B7AA}"
EndProject
Project("{FAE04EC0-301F-11D3-BF4B-00C04F79EFBC}") = "BusinessLogic", "BusinessLogic\BusinessLogic.csproj", "{ADFCCCB2-5790-43CA-A724-E892A89678E1}"
EndProject
Project("{FAE04EC0-301F-11D3-BF4B-00C04F79EFBC}") = "BusinessLogic.Abstractions", "BusinessLogic.Abstractions\BusinessLogic.Abstractions.csproj", "{204ADD15-D7EF-4D13-8E29-AC8CF71B8D42}"
EndProject
Project("{FAE04EC0-301F-11D3-BF4B-00C04F79EFBC}") = "Authentication", "Authentication\Authentication.csproj", "{A98E83C0-B474-461C-AA1A-10CBB6BB0219}"
EndProject
Project("{FAE04EC0-301F-11D3-BF4B-00C04F79EFBC}") = "Authentication.Datalayer.Abstractions", "Authentication.Datalayer.Abstractions\Authentication.Datalayer.Abstractions.csproj", "{CC3682AE-38B2-4C3C-9D40-3D1B8D82EFAB}"
EndProject
Project("{FAE04EC0-301F-11D3-BF4B-00C04F79EFBC}") = "Authentication.BusinessLayer.Abstractions", "Authentication.BusinessLayer.Abstractions\Authentication.BusinessLayer.Abstractions.csproj", "{7561DD82-749C-4F9D-9346-79FD4EEE4D73}"
EndProject
Project("{FAE04EC0-301F-11D3-BF4B-00C04F79EFBC}") = "Authentication.BusinessLayer", "Authentication.BusinessLayer\Authentication.BusinessLayer.csproj", "{05ECE98A-5358-45A8-8ED5-B2BB6235FDB7}"
EndProject
Project("{FAE04EC0-301F-11D3-BF4B-00C04F79EFBC}") = "Authentication.DataLayer", "Authentication.DataLayer\Authentication.DataLayer.csproj", "{C75DFBAB-DE00-447B-B46A-BBD08848823A}"
EndProject
Project("{FAE04EC0-301F-11D3-BF4B-00C04F79EFBC}") = "Authentication.Migrations", "Authentication.Migrations\Authentication.Migrations.csproj", "{38901FB0-8278-4B9F-9599-62225C915324}"
EndProject
Project("{FAE04EC0-301F-11D3-BF4B-00C04F79EFBC}") = "SnailTask", "SnailTask\SnailTask.csproj", "{019543CC-BDFC-44DB-B40D-04DDDECAB460}"
EndProject
Project("{FAE04EC0-301F-11D3-BF4B-00C04F79EFBC}") = "Validation.Abstractions", "Validation.Abstractions\Validation.Abstractions.csproj", "{BDFCB311-419E-42B2-8E77-6DE5FD76096E}"
EndProject
Project("{FAE04EC0-301F-11D3-BF4B-00C04F79EFBC}") = "CrossTask", "CrossTask\CrossTask.csproj", "{5BC3C829-5BB6-4EAD-9DB3-1F0A423AABB8}"
EndProject
Global
	GlobalSection(SolutionConfigurationPlatforms) = preSolution
		Debug|Any CPU = Debug|Any CPU
		Release|Any CPU = Release|Any CPU
	EndGlobalSection
	GlobalSection(ProjectConfigurationPlatforms) = postSolution
		{D93A73EA-7C88-48E4-9E57-FEB8DC7515F1}.Debug|Any CPU.ActiveCfg = Debug|Any CPU
		{D93A73EA-7C88-48E4-9E57-FEB8DC7515F1}.Debug|Any CPU.Build.0 = Debug|Any CPU
		{D93A73EA-7C88-48E4-9E57-FEB8DC7515F1}.Release|Any CPU.ActiveCfg = Release|Any CPU
		{D93A73EA-7C88-48E4-9E57-FEB8DC7515F1}.Release|Any CPU.Build.0 = Release|Any CPU
		{78510EA2-4A09-46FD-BF27-2C1EA1D15C25}.Debug|Any CPU.ActiveCfg = Debug|Any CPU
		{78510EA2-4A09-46FD-BF27-2C1EA1D15C25}.Debug|Any CPU.Build.0 = Debug|Any CPU
		{78510EA2-4A09-46FD-BF27-2C1EA1D15C25}.Release|Any CPU.ActiveCfg = Release|Any CPU
		{78510EA2-4A09-46FD-BF27-2C1EA1D15C25}.Release|Any CPU.Build.0 = Release|Any CPU
		{53BB86B3-A2D6-46B3-B4C0-A3D00388AAEB}.Debug|Any CPU.ActiveCfg = Debug|Any CPU
		{53BB86B3-A2D6-46B3-B4C0-A3D00388AAEB}.Debug|Any CPU.Build.0 = Debug|Any CPU
		{53BB86B3-A2D6-46B3-B4C0-A3D00388AAEB}.Release|Any CPU.ActiveCfg = Release|Any CPU
		{53BB86B3-A2D6-46B3-B4C0-A3D00388AAEB}.Release|Any CPU.Build.0 = Release|Any CPU
		{5DD9D888-5BC1-44DA-8654-BC656A2D329F}.Debug|Any CPU.ActiveCfg = Debug|Any CPU
		{5DD9D888-5BC1-44DA-8654-BC656A2D329F}.Debug|Any CPU.Build.0 = Debug|Any CPU
		{5DD9D888-5BC1-44DA-8654-BC656A2D329F}.Release|Any CPU.ActiveCfg = Release|Any CPU
		{5DD9D888-5BC1-44DA-8654-BC656A2D329F}.Release|Any CPU.Build.0 = Release|Any CPU
		{ACA12487-7332-4E72-9798-ED20A8A25252}.Debug|Any CPU.ActiveCfg = Debug|Any CPU
		{ACA12487-7332-4E72-9798-ED20A8A25252}.Debug|Any CPU.Build.0 = Debug|Any CPU
		{ACA12487-7332-4E72-9798-ED20A8A25252}.Release|Any CPU.ActiveCfg = Release|Any CPU
		{ACA12487-7332-4E72-9798-ED20A8A25252}.Release|Any CPU.Build.0 = Release|Any CPU
		{08D9D2AD-3678-4654-9D16-920C5B82B7AA}.Debug|Any CPU.ActiveCfg = Debug|Any CPU
		{08D9D2AD-3678-4654-9D16-920C5B82B7AA}.Debug|Any CPU.Build.0 = Debug|Any CPU
		{08D9D2AD-3678-4654-9D16-920C5B82B7AA}.Release|Any CPU.ActiveCfg = Release|Any CPU
		{08D9D2AD-3678-4654-9D16-920C5B82B7AA}.Release|Any CPU.Build.0 = Release|Any CPU
		{ADFCCCB2-5790-43CA-A724-E892A89678E1}.Debug|Any CPU.ActiveCfg = Debug|Any CPU
		{ADFCCCB2-5790-43CA-A724-E892A89678E1}.Debug|Any CPU.Build.0 = Debug|Any CPU
		{ADFCCCB2-5790-43CA-A724-E892A89678E1}.Release|Any CPU.ActiveCfg = Release|Any CPU
		{ADFCCCB2-5790-43CA-A724-E892A89678E1}.Release|Any CPU.Build.0 = Release|Any CPU
		{204ADD15-D7EF-4D13-8E29-AC8CF71B8D42}.Debug|Any CPU.ActiveCfg = Debug|Any CPU
		{204ADD15-D7EF-4D13-8E29-AC8CF71B8D42}.Debug|Any CPU.Build.0 = Debug|Any CPU
		{204ADD15-D7EF-4D13-8E29-AC8CF71B8D42}.Release|Any CPU.ActiveCfg = Release|Any CPU
		{204ADD15-D7EF-4D13-8E29-AC8CF71B8D42}.Release|Any CPU.Build.0 = Release|Any CPU
		{A98E83C0-B474-461C-AA1A-10CBB6BB0219}.Debug|Any CPU.ActiveCfg = Debug|Any CPU
		{A98E83C0-B474-461C-AA1A-10CBB6BB0219}.Debug|Any CPU.Build.0 = Debug|Any CPU
		{A98E83C0-B474-461C-AA1A-10CBB6BB0219}.Release|Any CPU.ActiveCfg = Release|Any CPU
		{A98E83C0-B474-461C-AA1A-10CBB6BB0219}.Release|Any CPU.Build.0 = Release|Any CPU
		{CC3682AE-38B2-4C3C-9D40-3D1B8D82EFAB}.Debug|Any CPU.ActiveCfg = Debug|Any CPU
		{CC3682AE-38B2-4C3C-9D40-3D1B8D82EFAB}.Debug|Any CPU.Build.0 = Debug|Any CPU
		{CC3682AE-38B2-4C3C-9D40-3D1B8D82EFAB}.Release|Any CPU.ActiveCfg = Release|Any CPU
		{CC3682AE-38B2-4C3C-9D40-3D1B8D82EFAB}.Release|Any CPU.Build.0 = Release|Any CPU
		{7561DD82-749C-4F9D-9346-79FD4EEE4D73}.Debug|Any CPU.ActiveCfg = Debug|Any CPU
		{7561DD82-749C-4F9D-9346-79FD4EEE4D73}.Debug|Any CPU.Build.0 = Debug|Any CPU
		{7561DD82-749C-4F9D-9346-79FD4EEE4D73}.Release|Any CPU.ActiveCfg = Release|Any CPU
		{7561DD82-749C-4F9D-9346-79FD4EEE4D73}.Release|Any CPU.Build.0 = Release|Any CPU
		{05ECE98A-5358-45A8-8ED5-B2BB6235FDB7}.Debug|Any CPU.ActiveCfg = Debug|Any CPU
		{05ECE98A-5358-45A8-8ED5-B2BB6235FDB7}.Debug|Any CPU.Build.0 = Debug|Any CPU
		{05ECE98A-5358-45A8-8ED5-B2BB6235FDB7}.Release|Any CPU.ActiveCfg = Release|Any CPU
		{05ECE98A-5358-45A8-8ED5-B2BB6235FDB7}.Release|Any CPU.Build.0 = Release|Any CPU
		{C75DFBAB-DE00-447B-B46A-BBD08848823A}.Debug|Any CPU.ActiveCfg = Debug|Any CPU
		{C75DFBAB-DE00-447B-B46A-BBD08848823A}.Debug|Any CPU.Build.0 = Debug|Any CPU
		{C75DFBAB-DE00-447B-B46A-BBD08848823A}.Release|Any CPU.ActiveCfg = Release|Any CPU
		{C75DFBAB-DE00-447B-B46A-BBD08848823A}.Release|Any CPU.Build.0 = Release|Any CPU
		{38901FB0-8278-4B9F-9599-62225C915324}.Debug|Any CPU.ActiveCfg = Debug|Any CPU
		{38901FB0-8278-4B9F-9599-62225C915324}.Debug|Any CPU.Build.0 = Debug|Any CPU
		{38901FB0-8278-4B9F-9599-62225C915324}.Release|Any CPU.ActiveCfg = Release|Any CPU
		{38901FB0-8278-4B9F-9599-62225C915324}.Release|Any CPU.Build.0 = Release|Any CPU
		{019543CC-BDFC-44DB-B40D-04DDDECAB460}.Debug|Any CPU.ActiveCfg = Debug|Any CPU
		{019543CC-BDFC-44DB-B40D-04DDDECAB460}.Debug|Any CPU.Build.0 = Debug|Any CPU
		{019543CC-BDFC-44DB-B40D-04DDDECAB460}.Release|Any CPU.ActiveCfg = Release|Any CPU
		{019543CC-BDFC-44DB-B40D-04DDDECAB460}.Release|Any CPU.Build.0 = Release|Any CPU
		{BDFCB311-419E-42B2-8E77-6DE5FD76096E}.Debug|Any CPU.ActiveCfg = Debug|Any CPU
		{BDFCB311-419E-42B2-8E77-6DE5FD76096E}.Debug|Any CPU.Build.0 = Debug|Any CPU
		{BDFCB311-419E-42B2-8E77-6DE5FD76096E}.Release|Any CPU.ActiveCfg = Release|Any CPU
		{BDFCB311-419E-42B2-8E77-6DE5FD76096E}.Release|Any CPU.Build.0 = Release|Any CPU
		{5BC3C829-5BB6-4EAD-9DB3-1F0A423AABB8}.Debug|Any CPU.ActiveCfg = Debug|Any CPU
		{5BC3C829-5BB6-4EAD-9DB3-1F0A423AABB8}.Debug|Any CPU.Build.0 = Debug|Any CPU
		{5BC3C829-5BB6-4EAD-9DB3-1F0A423AABB8}.Release|Any CPU.ActiveCfg = Release|Any CPU
		{5BC3C829-5BB6-4EAD-9DB3-1F0A423AABB8}.Release|Any CPU.Build.0 = Release|Any CPU
	EndGlobalSection
EndGlobal
